// !$*UTF8*$!
{
	archiveVersion = 1;
	classes = {
	};
	objectVersion = 56;
	objects = {

/* Begin PBXBuildFile section */
		E117C7902A0655B800B9EA69 /* CardMovieCollectionViewCell.swift in Sources */ = {isa = PBXBuildFile; fileRef = E117C78E2A0655B800B9EA69 /* CardMovieCollectionViewCell.swift */; };
		E117C7912A0655B800B9EA69 /* CardMovieCollectionViewCell.xib in Resources */ = {isa = PBXBuildFile; fileRef = E117C78F2A0655B800B9EA69 /* CardMovieCollectionViewCell.xib */; };
		E117C7942A065AF500B9EA69 /* Alamofire in Frameworks */ = {isa = PBXBuildFile; productRef = E117C7932A065AF500B9EA69 /* Alamofire */; };
		E117C7972A065B0D00B9EA69 /* Kingfisher in Frameworks */ = {isa = PBXBuildFile; productRef = E117C7962A065B0D00B9EA69 /* Kingfisher */; };
		E117C79A2A065B4900B9EA69 /* netfox in Frameworks */ = {isa = PBXBuildFile; productRef = E117C7992A065B4900B9EA69 /* netfox */; };
		E117C79D2A065B7000B9EA69 /* RxCocoa in Frameworks */ = {isa = PBXBuildFile; productRef = E117C79C2A065B7000B9EA69 /* RxCocoa */; };
		E117C79F2A065B7000B9EA69 /* RxSwift in Frameworks */ = {isa = PBXBuildFile; productRef = E117C79E2A065B7000B9EA69 /* RxSwift */; };
		E117C7AF2A065E1300B9EA69 /* TMDB.swift in Sources */ = {isa = PBXBuildFile; fileRef = E117C7AE2A065E1300B9EA69 /* TMDB.swift */; };
		E117C7B32A065E4600B9EA69 /* RemoteDataSource.swift in Sources */ = {isa = PBXBuildFile; fileRef = E117C7B22A065E4600B9EA69 /* RemoteDataSource.swift */; };
		E117C7B62A065E7B00B9EA69 /* Constants.swift in Sources */ = {isa = PBXBuildFile; fileRef = E117C7B52A065E7B00B9EA69 /* Constants.swift */; };
		E117C7B82A065EAF00B9EA69 /* APIManager.swift in Sources */ = {isa = PBXBuildFile; fileRef = E117C7B72A065EAF00B9EA69 /* APIManager.swift */; };
		E117C7BA2A065F6200B9EA69 /* Repository.swift in Sources */ = {isa = PBXBuildFile; fileRef = E117C7B92A065F6200B9EA69 /* Repository.swift */; };
		E117C7BC2A065F9600B9EA69 /* HomeUseCase.swift in Sources */ = {isa = PBXBuildFile; fileRef = E117C7BB2A065F9600B9EA69 /* HomeUseCase.swift */; };
		E117C7BE2A065FBB00B9EA69 /* Injection.swift in Sources */ = {isa = PBXBuildFile; fileRef = E117C7BD2A065FBB00B9EA69 /* Injection.swift */; };
		E117C7C12A065FFD00B9EA69 /* HomeViewModel.swift in Sources */ = {isa = PBXBuildFile; fileRef = E117C7C02A065FFD00B9EA69 /* HomeViewModel.swift */; };
		E117C7C32A06605D00B9EA69 /* BaseViewModel.swift in Sources */ = {isa = PBXBuildFile; fileRef = E117C7C22A06605D00B9EA69 /* BaseViewModel.swift */; };
		E117C7C62A0660A000B9EA69 /* Collection+Ext.swift in Sources */ = {isa = PBXBuildFile; fileRef = E117C7C52A0660A000B9EA69 /* Collection+Ext.swift */; };
		E117C7C82A06619400B9EA69 /* UIImageView+Ext.swift in Sources */ = {isa = PBXBuildFile; fileRef = E117C7C72A06619400B9EA69 /* UIImageView+Ext.swift */; };
		E117C7CA2A0661B900B9EA69 /* AttributeImages.swift in Sources */ = {isa = PBXBuildFile; fileRef = E117C7C92A0661B900B9EA69 /* AttributeImages.swift */; };
		E117C7CD2A06622200B9EA69 /* Toast.swift in Sources */ = {isa = PBXBuildFile; fileRef = E117C7CC2A06622200B9EA69 /* Toast.swift */; };
		E117C7CF2A06623300B9EA69 /* TTGSnackbar.swift in Sources */ = {isa = PBXBuildFile; fileRef = E117C7CE2A06623300B9EA69 /* TTGSnackbar.swift */; };
		E117C7D12A06624D00B9EA69 /* UIViewController+Ext.swift in Sources */ = {isa = PBXBuildFile; fileRef = E117C7D02A06624D00B9EA69 /* UIViewController+Ext.swift */; };
		E11E17F22A056705004DEDC7 /* AppDelegate.swift in Sources */ = {isa = PBXBuildFile; fileRef = E11E17F12A056705004DEDC7 /* AppDelegate.swift */; };
		E11E17F42A056705004DEDC7 /* SceneDelegate.swift in Sources */ = {isa = PBXBuildFile; fileRef = E11E17F32A056705004DEDC7 /* SceneDelegate.swift */; };
		E11E17FC2A056705004DEDC7 /* MovieDB.xcdatamodeld in Sources */ = {isa = PBXBuildFile; fileRef = E11E17FA2A056705004DEDC7 /* MovieDB.xcdatamodeld */; };
		E11E17FE2A05670A004DEDC7 /* Assets.xcassets in Resources */ = {isa = PBXBuildFile; fileRef = E11E17FD2A05670A004DEDC7 /* Assets.xcassets */; };
		E11E18012A05670A004DEDC7 /* LaunchScreen.storyboard in Resources */ = {isa = PBXBuildFile; fileRef = E11E17FF2A05670A004DEDC7 /* LaunchScreen.storyboard */; };
		E11E180C2A05670B004DEDC7 /* MovieDBTests.swift in Sources */ = {isa = PBXBuildFile; fileRef = E11E180B2A05670B004DEDC7 /* MovieDBTests.swift */; };
		E11E18162A05670B004DEDC7 /* MovieDBUITests.swift in Sources */ = {isa = PBXBuildFile; fileRef = E11E18152A05670B004DEDC7 /* MovieDBUITests.swift */; };
		E11E18182A05670B004DEDC7 /* MovieDBUITestsLaunchTests.swift in Sources */ = {isa = PBXBuildFile; fileRef = E11E18172A05670B004DEDC7 /* MovieDBUITestsLaunchTests.swift */; };
		E1FC6B712A066CDE00078D99 /* DetailViewController.swift in Sources */ = {isa = PBXBuildFile; fileRef = E1FC6B6F2A066CDE00078D99 /* DetailViewController.swift */; };
		E1FC6B722A066CDE00078D99 /* DetailViewController.xib in Resources */ = {isa = PBXBuildFile; fileRef = E1FC6B702A066CDE00078D99 /* DetailViewController.xib */; };
		E1FC6B752A06707F00078D99 /* DetailViewModel.swift in Sources */ = {isa = PBXBuildFile; fileRef = E1FC6B742A06707F00078D99 /* DetailViewModel.swift */; };
		E1FC6B772A06713B00078D99 /* DetailUseCase.swift in Sources */ = {isa = PBXBuildFile; fileRef = E1FC6B762A06713B00078D99 /* DetailUseCase.swift */; };
		E1FC6B792A06716100078D99 /* Movie.swift in Sources */ = {isa = PBXBuildFile; fileRef = E1FC6B782A06716100078D99 /* Movie.swift */; };
		E1FC6B7B2A0671EF00078D99 /* Utils.swift in Sources */ = {isa = PBXBuildFile; fileRef = E1FC6B7A2A0671EF00078D99 /* Utils.swift */; };
		E1FC6B7F2A0679D900078D99 /* ReviewsCollectionViewCell.swift in Sources */ = {isa = PBXBuildFile; fileRef = E1FC6B7D2A0679D900078D99 /* ReviewsCollectionViewCell.swift */; };
		E1FC6B802A0679D900078D99 /* ReviewsCollectionViewCell.xib in Resources */ = {isa = PBXBuildFile; fileRef = E1FC6B7E2A0679D900078D99 /* ReviewsCollectionViewCell.xib */; };
		E1FC6B822A067AF500078D99 /* Reviews.swift in Sources */ = {isa = PBXBuildFile; fileRef = E1FC6B812A067AF500078D99 /* Reviews.swift */; };
		E1FC6B892A06A35500078D99 /* SearchUseCase.swift in Sources */ = {isa = PBXBuildFile; fileRef = E1FC6B882A06A35500078D99 /* SearchUseCase.swift */; };
		E1FC6B8C2A06A38700078D99 /* SearchViewModel.swift in Sources */ = {isa = PBXBuildFile; fileRef = E1FC6B8B2A06A38700078D99 /* SearchViewModel.swift */; };
		E1FC6B8E2A06A3FE00078D99 /* UICollectionView+Ext.swift in Sources */ = {isa = PBXBuildFile; fileRef = E1FC6B8D2A06A3FE00078D99 /* UICollectionView+Ext.swift */; };
		E1FC6B912A06AD2200078D99 /* SearchViewController.swift in Sources */ = {isa = PBXBuildFile; fileRef = E1FC6B8F2A06AD2200078D99 /* SearchViewController.swift */; };
		E1FC6B922A06AD2200078D99 /* SearchViewController.xib in Resources */ = {isa = PBXBuildFile; fileRef = E1FC6B902A06AD2200078D99 /* SearchViewController.xib */; };
		E1FE7D7E2A0575650036605F /* TabBarViewController.swift in Sources */ = {isa = PBXBuildFile; fileRef = E1FE7D7D2A0575650036605F /* TabBarViewController.swift */; };
		E1FE7D832A0576690036605F /* HomeViewController.swift in Sources */ = {isa = PBXBuildFile; fileRef = E1FE7D812A0576690036605F /* HomeViewController.swift */; };
		E1FE7D842A0576690036605F /* HomeViewController.xib in Resources */ = {isa = PBXBuildFile; fileRef = E1FE7D822A0576690036605F /* HomeViewController.xib */; };
		E1FE7D872A05769F0036605F /* MyMovieViewController.swift in Sources */ = {isa = PBXBuildFile; fileRef = E1FE7D852A05769F0036605F /* MyMovieViewController.swift */; };
		E1FE7D882A05769F0036605F /* MyMovieViewController.xib in Resources */ = {isa = PBXBuildFile; fileRef = E1FE7D862A05769F0036605F /* MyMovieViewController.xib */; };
/* End PBXBuildFile section */

/* Begin PBXContainerItemProxy section */
		E11E18082A05670B004DEDC7 /* PBXContainerItemProxy */ = {
			isa = PBXContainerItemProxy;
			containerPortal = E11E17E62A056705004DEDC7 /* Project object */;
			proxyType = 1;
			remoteGlobalIDString = E11E17ED2A056705004DEDC7;
			remoteInfo = MovieDB;
		};
		E11E18122A05670B004DEDC7 /* PBXContainerItemProxy */ = {
			isa = PBXContainerItemProxy;
			containerPortal = E11E17E62A056705004DEDC7 /* Project object */;
			proxyType = 1;
			remoteGlobalIDString = E11E17ED2A056705004DEDC7;
			remoteInfo = MovieDB;
		};
/* End PBXContainerItemProxy section */

/* Begin PBXFileReference section */
		E117C78E2A0655B800B9EA69 /* CardMovieCollectionViewCell.swift */ = {isa = PBXFileReference; lastKnownFileType = sourcecode.swift; path = CardMovieCollectionViewCell.swift; sourceTree = "<group>"; };
		E117C78F2A0655B800B9EA69 /* CardMovieCollectionViewCell.xib */ = {isa = PBXFileReference; lastKnownFileType = file.xib; path = CardMovieCollectionViewCell.xib; sourceTree = "<group>"; };
		E117C7AE2A065E1300B9EA69 /* TMDB.swift */ = {isa = PBXFileReference; lastKnownFileType = sourcecode.swift; path = TMDB.swift; sourceTree = "<group>"; };
		E117C7B22A065E4600B9EA69 /* RemoteDataSource.swift */ = {isa = PBXFileReference; lastKnownFileType = sourcecode.swift; path = RemoteDataSource.swift; sourceTree = "<group>"; };
		E117C7B52A065E7B00B9EA69 /* Constants.swift */ = {isa = PBXFileReference; lastKnownFileType = sourcecode.swift; path = Constants.swift; sourceTree = "<group>"; };
		E117C7B72A065EAF00B9EA69 /* APIManager.swift */ = {isa = PBXFileReference; lastKnownFileType = sourcecode.swift; path = APIManager.swift; sourceTree = "<group>"; };
		E117C7B92A065F6200B9EA69 /* Repository.swift */ = {isa = PBXFileReference; lastKnownFileType = sourcecode.swift; path = Repository.swift; sourceTree = "<group>"; };
		E117C7BB2A065F9600B9EA69 /* HomeUseCase.swift */ = {isa = PBXFileReference; lastKnownFileType = sourcecode.swift; path = HomeUseCase.swift; sourceTree = "<group>"; };
		E117C7BD2A065FBB00B9EA69 /* Injection.swift */ = {isa = PBXFileReference; lastKnownFileType = sourcecode.swift; path = Injection.swift; sourceTree = "<group>"; };
		E117C7C02A065FFD00B9EA69 /* HomeViewModel.swift */ = {isa = PBXFileReference; lastKnownFileType = sourcecode.swift; path = HomeViewModel.swift; sourceTree = "<group>"; };
		E117C7C22A06605D00B9EA69 /* BaseViewModel.swift */ = {isa = PBXFileReference; lastKnownFileType = sourcecode.swift; path = BaseViewModel.swift; sourceTree = "<group>"; };
		E117C7C52A0660A000B9EA69 /* Collection+Ext.swift */ = {isa = PBXFileReference; lastKnownFileType = sourcecode.swift; path = "Collection+Ext.swift"; sourceTree = "<group>"; };
		E117C7C72A06619400B9EA69 /* UIImageView+Ext.swift */ = {isa = PBXFileReference; lastKnownFileType = sourcecode.swift; path = "UIImageView+Ext.swift"; sourceTree = "<group>"; };
		E117C7C92A0661B900B9EA69 /* AttributeImages.swift */ = {isa = PBXFileReference; lastKnownFileType = sourcecode.swift; path = AttributeImages.swift; sourceTree = "<group>"; };
		E117C7CC2A06622200B9EA69 /* Toast.swift */ = {isa = PBXFileReference; lastKnownFileType = sourcecode.swift; path = Toast.swift; sourceTree = "<group>"; };
		E117C7CE2A06623300B9EA69 /* TTGSnackbar.swift */ = {isa = PBXFileReference; lastKnownFileType = sourcecode.swift; path = TTGSnackbar.swift; sourceTree = "<group>"; };
		E117C7D02A06624D00B9EA69 /* UIViewController+Ext.swift */ = {isa = PBXFileReference; lastKnownFileType = sourcecode.swift; path = "UIViewController+Ext.swift"; sourceTree = "<group>"; };
		E11E17EE2A056705004DEDC7 /* MovieDB.app */ = {isa = PBXFileReference; explicitFileType = wrapper.application; includeInIndex = 0; path = MovieDB.app; sourceTree = BUILT_PRODUCTS_DIR; };
		E11E17F12A056705004DEDC7 /* AppDelegate.swift */ = {isa = PBXFileReference; lastKnownFileType = sourcecode.swift; path = AppDelegate.swift; sourceTree = "<group>"; };
		E11E17F32A056705004DEDC7 /* SceneDelegate.swift */ = {isa = PBXFileReference; lastKnownFileType = sourcecode.swift; path = SceneDelegate.swift; sourceTree = "<group>"; };
		E11E17FB2A056705004DEDC7 /* MovieDB.xcdatamodel */ = {isa = PBXFileReference; lastKnownFileType = wrapper.xcdatamodel; path = MovieDB.xcdatamodel; sourceTree = "<group>"; };
		E11E17FD2A05670A004DEDC7 /* Assets.xcassets */ = {isa = PBXFileReference; lastKnownFileType = folder.assetcatalog; path = Assets.xcassets; sourceTree = "<group>"; };
		E11E18002A05670A004DEDC7 /* Base */ = {isa = PBXFileReference; lastKnownFileType = file.storyboard; name = Base; path = Base.lproj/LaunchScreen.storyboard; sourceTree = "<group>"; };
		E11E18022A05670A004DEDC7 /* Info.plist */ = {isa = PBXFileReference; lastKnownFileType = text.plist.xml; path = Info.plist; sourceTree = "<group>"; };
		E11E18072A05670B004DEDC7 /* MovieDBTests.xctest */ = {isa = PBXFileReference; explicitFileType = wrapper.cfbundle; includeInIndex = 0; path = MovieDBTests.xctest; sourceTree = BUILT_PRODUCTS_DIR; };
		E11E180B2A05670B004DEDC7 /* MovieDBTests.swift */ = {isa = PBXFileReference; lastKnownFileType = sourcecode.swift; path = MovieDBTests.swift; sourceTree = "<group>"; };
		E11E18112A05670B004DEDC7 /* MovieDBUITests.xctest */ = {isa = PBXFileReference; explicitFileType = wrapper.cfbundle; includeInIndex = 0; path = MovieDBUITests.xctest; sourceTree = BUILT_PRODUCTS_DIR; };
		E11E18152A05670B004DEDC7 /* MovieDBUITests.swift */ = {isa = PBXFileReference; lastKnownFileType = sourcecode.swift; path = MovieDBUITests.swift; sourceTree = "<group>"; };
		E11E18172A05670B004DEDC7 /* MovieDBUITestsLaunchTests.swift */ = {isa = PBXFileReference; lastKnownFileType = sourcecode.swift; path = MovieDBUITestsLaunchTests.swift; sourceTree = "<group>"; };
		E1FC6B6F2A066CDE00078D99 /* DetailViewController.swift */ = {isa = PBXFileReference; lastKnownFileType = sourcecode.swift; path = DetailViewController.swift; sourceTree = "<group>"; };
		E1FC6B702A066CDE00078D99 /* DetailViewController.xib */ = {isa = PBXFileReference; lastKnownFileType = file.xib; path = DetailViewController.xib; sourceTree = "<group>"; };
		E1FC6B742A06707F00078D99 /* DetailViewModel.swift */ = {isa = PBXFileReference; lastKnownFileType = sourcecode.swift; path = DetailViewModel.swift; sourceTree = "<group>"; };
		E1FC6B762A06713B00078D99 /* DetailUseCase.swift */ = {isa = PBXFileReference; lastKnownFileType = sourcecode.swift; path = DetailUseCase.swift; sourceTree = "<group>"; };
		E1FC6B782A06716100078D99 /* Movie.swift */ = {isa = PBXFileReference; lastKnownFileType = sourcecode.swift; path = Movie.swift; sourceTree = "<group>"; };
		E1FC6B7A2A0671EF00078D99 /* Utils.swift */ = {isa = PBXFileReference; lastKnownFileType = sourcecode.swift; path = Utils.swift; sourceTree = "<group>"; };
		E1FC6B7D2A0679D900078D99 /* ReviewsCollectionViewCell.swift */ = {isa = PBXFileReference; lastKnownFileType = sourcecode.swift; path = ReviewsCollectionViewCell.swift; sourceTree = "<group>"; };
		E1FC6B7E2A0679D900078D99 /* ReviewsCollectionViewCell.xib */ = {isa = PBXFileReference; lastKnownFileType = file.xib; path = ReviewsCollectionViewCell.xib; sourceTree = "<group>"; };
		E1FC6B812A067AF500078D99 /* Reviews.swift */ = {isa = PBXFileReference; lastKnownFileType = sourcecode.swift; path = Reviews.swift; sourceTree = "<group>"; };
		E1FC6B882A06A35500078D99 /* SearchUseCase.swift */ = {isa = PBXFileReference; lastKnownFileType = sourcecode.swift; path = SearchUseCase.swift; sourceTree = "<group>"; };
		E1FC6B8B2A06A38700078D99 /* SearchViewModel.swift */ = {isa = PBXFileReference; lastKnownFileType = sourcecode.swift; path = SearchViewModel.swift; sourceTree = "<group>"; };
		E1FC6B8D2A06A3FE00078D99 /* UICollectionView+Ext.swift */ = {isa = PBXFileReference; lastKnownFileType = sourcecode.swift; path = "UICollectionView+Ext.swift"; sourceTree = "<group>"; };
		E1FC6B8F2A06AD2200078D99 /* SearchViewController.swift */ = {isa = PBXFileReference; lastKnownFileType = sourcecode.swift; path = SearchViewController.swift; sourceTree = "<group>"; };
		E1FC6B902A06AD2200078D99 /* SearchViewController.xib */ = {isa = PBXFileReference; lastKnownFileType = file.xib; path = SearchViewController.xib; sourceTree = "<group>"; };
		E1FE7D7D2A0575650036605F /* TabBarViewController.swift */ = {isa = PBXFileReference; lastKnownFileType = sourcecode.swift; path = TabBarViewController.swift; sourceTree = "<group>"; };
		E1FE7D812A0576690036605F /* HomeViewController.swift */ = {isa = PBXFileReference; lastKnownFileType = sourcecode.swift; path = HomeViewController.swift; sourceTree = "<group>"; };
		E1FE7D822A0576690036605F /* HomeViewController.xib */ = {isa = PBXFileReference; lastKnownFileType = file.xib; path = HomeViewController.xib; sourceTree = "<group>"; };
		E1FE7D852A05769F0036605F /* MyMovieViewController.swift */ = {isa = PBXFileReference; lastKnownFileType = sourcecode.swift; path = MyMovieViewController.swift; sourceTree = "<group>"; };
		E1FE7D862A05769F0036605F /* MyMovieViewController.xib */ = {isa = PBXFileReference; lastKnownFileType = file.xib; path = MyMovieViewController.xib; sourceTree = "<group>"; };
/* End PBXFileReference section */

/* Begin PBXFrameworksBuildPhase section */
		E11E17EB2A056705004DEDC7 /* Frameworks */ = {
			isa = PBXFrameworksBuildPhase;
			buildActionMask = 2147483647;
			files = (
				E117C7972A065B0D00B9EA69 /* Kingfisher in Frameworks */,
				E117C7942A065AF500B9EA69 /* Alamofire in Frameworks */,
				E117C79F2A065B7000B9EA69 /* RxSwift in Frameworks */,
				E117C79D2A065B7000B9EA69 /* RxCocoa in Frameworks */,
				E117C79A2A065B4900B9EA69 /* netfox in Frameworks */,
			);
			runOnlyForDeploymentPostprocessing = 0;
		};
		E11E18042A05670B004DEDC7 /* Frameworks */ = {
			isa = PBXFrameworksBuildPhase;
			buildActionMask = 2147483647;
			files = (
			);
			runOnlyForDeploymentPostprocessing = 0;
		};
		E11E180E2A05670B004DEDC7 /* Frameworks */ = {
			isa = PBXFrameworksBuildPhase;
			buildActionMask = 2147483647;
			files = (
			);
			runOnlyForDeploymentPostprocessing = 0;
		};
/* End PBXFrameworksBuildPhase section */

/* Begin PBXGroup section */
		E117C78D2A0655A300B9EA69 /* Cell */ = {
			isa = PBXGroup;
			children = (
				E117C78E2A0655B800B9EA69 /* CardMovieCollectionViewCell.swift */,
				E117C78F2A0655B800B9EA69 /* CardMovieCollectionViewCell.xib */,
			);
			path = Cell;
			sourceTree = "<group>";
		};
		E117C7A52A065D4300B9EA69 /* Data */ = {
			isa = PBXGroup;
			children = (
				E117C7AA2A065D6200B9EA69 /* DataSource */,
				E117C7A92A065D5400B9EA69 /* DI */,
				E117C7AB2A065D6700B9EA69 /* Network */,
				E117C7AD2A065D7B00B9EA69 /* PersistentStorage */,
				E117C7AC2A065D7000B9EA69 /* Repository */,
				E117C7C22A06605D00B9EA69 /* BaseViewModel.swift */,
			);
			path = Data;
			sourceTree = "<group>";
		};
		E117C7A62A065D4500B9EA69 /* Domain */ = {
			isa = PBXGroup;
			children = (
				E117C7A82A065D5100B9EA69 /* Entities */,
				E117C7A72A065D4900B9EA69 /* UseCases */,
			);
			path = Domain;
			sourceTree = "<group>";
		};
		E117C7A72A065D4900B9EA69 /* UseCases */ = {
			isa = PBXGroup;
			children = (
				E117C7BB2A065F9600B9EA69 /* HomeUseCase.swift */,
				E1FC6B762A06713B00078D99 /* DetailUseCase.swift */,
				E1FC6B882A06A35500078D99 /* SearchUseCase.swift */,
			);
			path = UseCases;
			sourceTree = "<group>";
		};
		E117C7A82A065D5100B9EA69 /* Entities */ = {
			isa = PBXGroup;
			children = (
				E117C7AE2A065E1300B9EA69 /* TMDB.swift */,
				E1FC6B782A06716100078D99 /* Movie.swift */,
				E1FC6B812A067AF500078D99 /* Reviews.swift */,
			);
			path = Entities;
			sourceTree = "<group>";
		};
		E117C7A92A065D5400B9EA69 /* DI */ = {
			isa = PBXGroup;
			children = (
				E117C7BD2A065FBB00B9EA69 /* Injection.swift */,
			);
			path = DI;
			sourceTree = "<group>";
		};
		E117C7AA2A065D6200B9EA69 /* DataSource */ = {
			isa = PBXGroup;
			children = (
				E117C7B12A065E3700B9EA69 /* Locale */,
				E117C7B02A065E2F00B9EA69 /* Remote */,
			);
			path = DataSource;
			sourceTree = "<group>";
		};
		E117C7AB2A065D6700B9EA69 /* Network */ = {
			isa = PBXGroup;
			children = (
				E117C7B72A065EAF00B9EA69 /* APIManager.swift */,
			);
			path = Network;
			sourceTree = "<group>";
		};
		E117C7AC2A065D7000B9EA69 /* Repository */ = {
			isa = PBXGroup;
			children = (
				E117C7B92A065F6200B9EA69 /* Repository.swift */,
			);
			path = Repository;
			sourceTree = "<group>";
		};
		E117C7AD2A065D7B00B9EA69 /* PersistentStorage */ = {
			isa = PBXGroup;
			children = (
				E11E17FA2A056705004DEDC7 /* MovieDB.xcdatamodeld */,
			);
			path = PersistentStorage;
			sourceTree = "<group>";
		};
		E117C7B02A065E2F00B9EA69 /* Remote */ = {
			isa = PBXGroup;
			children = (
				E117C7D22A06672700B9EA69 /* Model */,
				E117C7B22A065E4600B9EA69 /* RemoteDataSource.swift */,
			);
			path = Remote;
			sourceTree = "<group>";
		};
		E117C7B12A065E3700B9EA69 /* Locale */ = {
			isa = PBXGroup;
			children = (
			);
			path = Locale;
			sourceTree = "<group>";
		};
		E117C7B42A065E6E00B9EA69 /* Utilities */ = {
			isa = PBXGroup;
			children = (
				E117C7CB2A06621A00B9EA69 /* Library */,
				E117C7C42A06609600B9EA69 /* Extensions */,
				E117C7B52A065E7B00B9EA69 /* Constants.swift */,
				E1FC6B7A2A0671EF00078D99 /* Utils.swift */,
			);
			path = Utilities;
			sourceTree = "<group>";
		};
		E117C7BF2A065FF400B9EA69 /* ViewModel */ = {
			isa = PBXGroup;
			children = (
				E117C7C02A065FFD00B9EA69 /* HomeViewModel.swift */,
			);
			path = ViewModel;
			sourceTree = "<group>";
		};
		E117C7C42A06609600B9EA69 /* Extensions */ = {
			isa = PBXGroup;
			children = (
				E117C7C52A0660A000B9EA69 /* Collection+Ext.swift */,
				E117C7C72A06619400B9EA69 /* UIImageView+Ext.swift */,
				E117C7D02A06624D00B9EA69 /* UIViewController+Ext.swift */,
				E1FC6B8D2A06A3FE00078D99 /* UICollectionView+Ext.swift */,
			);
			path = Extensions;
			sourceTree = "<group>";
		};
		E117C7CB2A06621A00B9EA69 /* Library */ = {
			isa = PBXGroup;
			children = (
				E117C7CC2A06622200B9EA69 /* Toast.swift */,
				E117C7CE2A06623300B9EA69 /* TTGSnackbar.swift */,
			);
			path = Library;
			sourceTree = "<group>";
		};
		E117C7D22A06672700B9EA69 /* Model */ = {
			isa = PBXGroup;
			children = (
				E117C7C92A0661B900B9EA69 /* AttributeImages.swift */,
			);
			path = Model;
			sourceTree = "<group>";
		};
		E11E17E52A056705004DEDC7 = {
			isa = PBXGroup;
			children = (
				E11E17F02A056705004DEDC7 /* MovieDB */,
				E11E180A2A05670B004DEDC7 /* MovieDBTests */,
				E11E18142A05670B004DEDC7 /* MovieDBUITests */,
				E11E17EF2A056705004DEDC7 /* Products */,
			);
			sourceTree = "<group>";
		};
		E11E17EF2A056705004DEDC7 /* Products */ = {
			isa = PBXGroup;
			children = (
				E11E17EE2A056705004DEDC7 /* MovieDB.app */,
				E11E18072A05670B004DEDC7 /* MovieDBTests.xctest */,
				E11E18112A05670B004DEDC7 /* MovieDBUITests.xctest */,
			);
			name = Products;
			sourceTree = "<group>";
		};
		E11E17F02A056705004DEDC7 /* MovieDB */ = {
			isa = PBXGroup;
			children = (
				E1FE7D782A056AFC0036605F /* Application */,
				E117C7A52A065D4300B9EA69 /* Data */,
				E117C7A62A065D4500B9EA69 /* Domain */,
				E1FE7D7A2A0575400036605F /* Presentation */,
				E1FE7D792A056B090036605F /* Supporting Files */,
				E117C7B42A065E6E00B9EA69 /* Utilities */,
				E11E18022A05670A004DEDC7 /* Info.plist */,
				E11E17FF2A05670A004DEDC7 /* LaunchScreen.storyboard */,
			);
			path = MovieDB;
			sourceTree = "<group>";
		};
		E11E180A2A05670B004DEDC7 /* MovieDBTests */ = {
			isa = PBXGroup;
			children = (
				E11E180B2A05670B004DEDC7 /* MovieDBTests.swift */,
			);
			path = MovieDBTests;
			sourceTree = "<group>";
		};
		E11E18142A05670B004DEDC7 /* MovieDBUITests */ = {
			isa = PBXGroup;
			children = (
				E11E18152A05670B004DEDC7 /* MovieDBUITests.swift */,
				E11E18172A05670B004DEDC7 /* MovieDBUITestsLaunchTests.swift */,
			);
			path = MovieDBUITests;
			sourceTree = "<group>";
		};
		E1FC6B6E2A066CBB00078D99 /* Detail */ = {
			isa = PBXGroup;
			children = (
				E1FC6B7C2A0679C400078D99 /* Cell */,
				E1FC6B732A06707500078D99 /* ViewModel */,
				E1FC6B6F2A066CDE00078D99 /* DetailViewController.swift */,
				E1FC6B702A066CDE00078D99 /* DetailViewController.xib */,
			);
			path = Detail;
			sourceTree = "<group>";
		};
		E1FC6B732A06707500078D99 /* ViewModel */ = {
			isa = PBXGroup;
			children = (
				E1FC6B742A06707F00078D99 /* DetailViewModel.swift */,
			);
			path = ViewModel;
			sourceTree = "<group>";
		};
		E1FC6B7C2A0679C400078D99 /* Cell */ = {
			isa = PBXGroup;
			children = (
				E1FC6B7D2A0679D900078D99 /* ReviewsCollectionViewCell.swift */,
				E1FC6B7E2A0679D900078D99 /* ReviewsCollectionViewCell.xib */,
			);
			path = Cell;
			sourceTree = "<group>";
		};
		E1FC6B832A069F1A00078D99 /* Search */ = {
			isa = PBXGroup;
			children = (
				E1FC6B8A2A06A37D00078D99 /* ViewModel */,
				E1FC6B8F2A06AD2200078D99 /* SearchViewController.swift */,
				E1FC6B902A06AD2200078D99 /* SearchViewController.xib */,
			);
			path = Search;
			sourceTree = "<group>";
		};
		E1FC6B8A2A06A37D00078D99 /* ViewModel */ = {
			isa = PBXGroup;
			children = (
				E1FC6B8B2A06A38700078D99 /* SearchViewModel.swift */,
			);
			path = ViewModel;
			sourceTree = "<group>";
		};
		E1FE7D782A056AFC0036605F /* Application */ = {
			isa = PBXGroup;
			children = (
				E11E17F12A056705004DEDC7 /* AppDelegate.swift */,
				E11E17F32A056705004DEDC7 /* SceneDelegate.swift */,
			);
			path = Application;
			sourceTree = "<group>";
		};
		E1FE7D792A056B090036605F /* Supporting Files */ = {
			isa = PBXGroup;
			children = (
				E11E17FD2A05670A004DEDC7 /* Assets.xcassets */,
			);
			path = "Supporting Files";
			sourceTree = "<group>";
		};
		E1FE7D7A2A0575400036605F /* Presentation */ = {
			isa = PBXGroup;
			children = (
				E1FE7D7B2A0575490036605F /* Base */,
				E1FE7D7C2A05754C0036605F /* Movie */,
			);
			path = Presentation;
			sourceTree = "<group>";
		};
		E1FE7D7B2A0575490036605F /* Base */ = {
			isa = PBXGroup;
			children = (
				E1FE7D7D2A0575650036605F /* TabBarViewController.swift */,
			);
			path = Base;
			sourceTree = "<group>";
		};
		E1FE7D7C2A05754C0036605F /* Movie */ = {
			isa = PBXGroup;
			children = (
				E1FC6B832A069F1A00078D99 /* Search */,
				E1FC6B6E2A066CBB00078D99 /* Detail */,
				E1FE7D7F2A0576570036605F /* Home */,
				E1FE7D802A05765A0036605F /* MyMovie */,
			);
			path = Movie;
			sourceTree = "<group>";
		};
		E1FE7D7F2A0576570036605F /* Home */ = {
			isa = PBXGroup;
			children = (
				E117C7BF2A065FF400B9EA69 /* ViewModel */,
				E117C78D2A0655A300B9EA69 /* Cell */,
				E1FE7D812A0576690036605F /* HomeViewController.swift */,
				E1FE7D822A0576690036605F /* HomeViewController.xib */,
			);
			path = Home;
			sourceTree = "<group>";
		};
		E1FE7D802A05765A0036605F /* MyMovie */ = {
			isa = PBXGroup;
			children = (
				E1FE7D852A05769F0036605F /* MyMovieViewController.swift */,
				E1FE7D862A05769F0036605F /* MyMovieViewController.xib */,
			);
			path = MyMovie;
			sourceTree = "<group>";
		};
/* End PBXGroup section */

/* Begin PBXNativeTarget section */
		E11E17ED2A056705004DEDC7 /* MovieDB */ = {
			isa = PBXNativeTarget;
			buildConfigurationList = E11E181B2A05670B004DEDC7 /* Build configuration list for PBXNativeTarget "MovieDB" */;
			buildPhases = (
				E11E17EA2A056705004DEDC7 /* Sources */,
				E11E17EB2A056705004DEDC7 /* Frameworks */,
				E11E17EC2A056705004DEDC7 /* Resources */,
			);
			buildRules = (
			);
			dependencies = (
			);
			name = MovieDB;
			packageProductDependencies = (
				E117C7932A065AF500B9EA69 /* Alamofire */,
				E117C7962A065B0D00B9EA69 /* Kingfisher */,
				E117C7992A065B4900B9EA69 /* netfox */,
				E117C79C2A065B7000B9EA69 /* RxCocoa */,
				E117C79E2A065B7000B9EA69 /* RxSwift */,
			);
			productName = MovieDB;
			productReference = E11E17EE2A056705004DEDC7 /* MovieDB.app */;
			productType = "com.apple.product-type.application";
		};
		E11E18062A05670B004DEDC7 /* MovieDBTests */ = {
			isa = PBXNativeTarget;
			buildConfigurationList = E11E181E2A05670B004DEDC7 /* Build configuration list for PBXNativeTarget "MovieDBTests" */;
			buildPhases = (
				E11E18032A05670B004DEDC7 /* Sources */,
				E11E18042A05670B004DEDC7 /* Frameworks */,
				E11E18052A05670B004DEDC7 /* Resources */,
			);
			buildRules = (
			);
			dependencies = (
				E11E18092A05670B004DEDC7 /* PBXTargetDependency */,
			);
			name = MovieDBTests;
			productName = MovieDBTests;
			productReference = E11E18072A05670B004DEDC7 /* MovieDBTests.xctest */;
			productType = "com.apple.product-type.bundle.unit-test";
		};
		E11E18102A05670B004DEDC7 /* MovieDBUITests */ = {
			isa = PBXNativeTarget;
			buildConfigurationList = E11E18212A05670B004DEDC7 /* Build configuration list for PBXNativeTarget "MovieDBUITests" */;
			buildPhases = (
				E11E180D2A05670B004DEDC7 /* Sources */,
				E11E180E2A05670B004DEDC7 /* Frameworks */,
				E11E180F2A05670B004DEDC7 /* Resources */,
			);
			buildRules = (
			);
			dependencies = (
				E11E18132A05670B004DEDC7 /* PBXTargetDependency */,
			);
			name = MovieDBUITests;
			productName = MovieDBUITests;
			productReference = E11E18112A05670B004DEDC7 /* MovieDBUITests.xctest */;
			productType = "com.apple.product-type.bundle.ui-testing";
		};
/* End PBXNativeTarget section */

/* Begin PBXProject section */
		E11E17E62A056705004DEDC7 /* Project object */ = {
			isa = PBXProject;
			attributes = {
				BuildIndependentTargetsInParallel = 1;
				LastSwiftUpdateCheck = 1420;
				LastUpgradeCheck = 1420;
				TargetAttributes = {
					E11E17ED2A056705004DEDC7 = {
						CreatedOnToolsVersion = 14.2;
					};
					E11E18062A05670B004DEDC7 = {
						CreatedOnToolsVersion = 14.2;
						TestTargetID = E11E17ED2A056705004DEDC7;
					};
					E11E18102A05670B004DEDC7 = {
						CreatedOnToolsVersion = 14.2;
						TestTargetID = E11E17ED2A056705004DEDC7;
					};
				};
			};
			buildConfigurationList = E11E17E92A056705004DEDC7 /* Build configuration list for PBXProject "MovieDB" */;
			compatibilityVersion = "Xcode 14.0";
			developmentRegion = en;
			hasScannedForEncodings = 0;
			knownRegions = (
				en,
				Base,
			);
			mainGroup = E11E17E52A056705004DEDC7;
			packageReferences = (
				E117C7922A065AF500B9EA69 /* XCRemoteSwiftPackageReference "Alamofire" */,
				E117C7952A065B0D00B9EA69 /* XCRemoteSwiftPackageReference "Kingfisher" */,
				E117C7982A065B4900B9EA69 /* XCRemoteSwiftPackageReference "netfox" */,
				E117C79B2A065B7000B9EA69 /* XCRemoteSwiftPackageReference "RxSwift" */,
			);
			productRefGroup = E11E17EF2A056705004DEDC7 /* Products */;
			projectDirPath = "";
			projectRoot = "";
			targets = (
				E11E17ED2A056705004DEDC7 /* MovieDB */,
				E11E18062A05670B004DEDC7 /* MovieDBTests */,
				E11E18102A05670B004DEDC7 /* MovieDBUITests */,
			);
		};
/* End PBXProject section */

/* Begin PBXResourcesBuildPhase section */
		E11E17EC2A056705004DEDC7 /* Resources */ = {
			isa = PBXResourcesBuildPhase;
			buildActionMask = 2147483647;
			files = (
				E117C7912A0655B800B9EA69 /* CardMovieCollectionViewCell.xib in Resources */,
				E1FC6B722A066CDE00078D99 /* DetailViewController.xib in Resources */,
				E11E18012A05670A004DEDC7 /* LaunchScreen.storyboard in Resources */,
				E11E17FE2A05670A004DEDC7 /* Assets.xcassets in Resources */,
				E1FC6B802A0679D900078D99 /* ReviewsCollectionViewCell.xib in Resources */,
				E1FE7D842A0576690036605F /* HomeViewController.xib in Resources */,
				E1FC6B922A06AD2200078D99 /* SearchViewController.xib in Resources */,
				E1FE7D882A05769F0036605F /* MyMovieViewController.xib in Resources */,
			);
			runOnlyForDeploymentPostprocessing = 0;
		};
		E11E18052A05670B004DEDC7 /* Resources */ = {
			isa = PBXResourcesBuildPhase;
			buildActionMask = 2147483647;
			files = (
			);
			runOnlyForDeploymentPostprocessing = 0;
		};
		E11E180F2A05670B004DEDC7 /* Resources */ = {
			isa = PBXResourcesBuildPhase;
			buildActionMask = 2147483647;
			files = (
			);
			runOnlyForDeploymentPostprocessing = 0;
		};
/* End PBXResourcesBuildPhase section */

/* Begin PBXSourcesBuildPhase section */
		E11E17EA2A056705004DEDC7 /* Sources */ = {
			isa = PBXSourcesBuildPhase;
			buildActionMask = 2147483647;
			files = (
				E1FE7D832A0576690036605F /* HomeViewController.swift in Sources */,
				E117C7902A0655B800B9EA69 /* CardMovieCollectionViewCell.swift in Sources */,
				E1FC6B7B2A0671EF00078D99 /* Utils.swift in Sources */,
				E1FC6B712A066CDE00078D99 /* DetailViewController.swift in Sources */,
				E117C7CA2A0661B900B9EA69 /* AttributeImages.swift in Sources */,
				E1FE7D7E2A0575650036605F /* TabBarViewController.swift in Sources */,
				E11E17F22A056705004DEDC7 /* AppDelegate.swift in Sources */,
				E117C7B82A065EAF00B9EA69 /* APIManager.swift in Sources */,
				E1FC6B752A06707F00078D99 /* DetailViewModel.swift in Sources */,
				E1FC6B792A06716100078D99 /* Movie.swift in Sources */,
				E1FC6B7F2A0679D900078D99 /* ReviewsCollectionViewCell.swift in Sources */,
				E1FC6B772A06713B00078D99 /* DetailUseCase.swift in Sources */,
				E1FC6B912A06AD2200078D99 /* SearchViewController.swift in Sources */,
				E117C7C32A06605D00B9EA69 /* BaseViewModel.swift in Sources */,
				E1FC6B892A06A35500078D99 /* SearchUseCase.swift in Sources */,
				E117C7B32A065E4600B9EA69 /* RemoteDataSource.swift in Sources */,
				E1FC6B8E2A06A3FE00078D99 /* UICollectionView+Ext.swift in Sources */,
				E117C7B62A065E7B00B9EA69 /* Constants.swift in Sources */,
				E117C7BE2A065FBB00B9EA69 /* Injection.swift in Sources */,
				E1FC6B8C2A06A38700078D99 /* SearchViewModel.swift in Sources */,
				E117C7C62A0660A000B9EA69 /* Collection+Ext.swift in Sources */,
				E117C7AF2A065E1300B9EA69 /* TMDB.swift in Sources */,
				E11E17FC2A056705004DEDC7 /* MovieDB.xcdatamodeld in Sources */,
				E117C7C82A06619400B9EA69 /* UIImageView+Ext.swift in Sources */,
				E117C7D12A06624D00B9EA69 /* UIViewController+Ext.swift in Sources */,
				E11E17F42A056705004DEDC7 /* SceneDelegate.swift in Sources */,
				E1FE7D872A05769F0036605F /* MyMovieViewController.swift in Sources */,
				E117C7BA2A065F6200B9EA69 /* Repository.swift in Sources */,
				E117C7CD2A06622200B9EA69 /* Toast.swift in Sources */,
				E1FC6B822A067AF500078D99 /* Reviews.swift in Sources */,
				E117C7C12A065FFD00B9EA69 /* HomeViewModel.swift in Sources */,
				E117C7CF2A06623300B9EA69 /* TTGSnackbar.swift in Sources */,
				E117C7BC2A065F9600B9EA69 /* HomeUseCase.swift in Sources */,
			);
			runOnlyForDeploymentPostprocessing = 0;
		};
		E11E18032A05670B004DEDC7 /* Sources */ = {
			isa = PBXSourcesBuildPhase;
			buildActionMask = 2147483647;
			files = (
				E11E180C2A05670B004DEDC7 /* MovieDBTests.swift in Sources */,
			);
			runOnlyForDeploymentPostprocessing = 0;
		};
		E11E180D2A05670B004DEDC7 /* Sources */ = {
			isa = PBXSourcesBuildPhase;
			buildActionMask = 2147483647;
			files = (
				E11E18162A05670B004DEDC7 /* MovieDBUITests.swift in Sources */,
				E11E18182A05670B004DEDC7 /* MovieDBUITestsLaunchTests.swift in Sources */,
			);
			runOnlyForDeploymentPostprocessing = 0;
		};
/* End PBXSourcesBuildPhase section */

/* Begin PBXTargetDependency section */
		E11E18092A05670B004DEDC7 /* PBXTargetDependency */ = {
			isa = PBXTargetDependency;
			target = E11E17ED2A056705004DEDC7 /* MovieDB */;
			targetProxy = E11E18082A05670B004DEDC7 /* PBXContainerItemProxy */;
		};
		E11E18132A05670B004DEDC7 /* PBXTargetDependency */ = {
			isa = PBXTargetDependency;
			target = E11E17ED2A056705004DEDC7 /* MovieDB */;
			targetProxy = E11E18122A05670B004DEDC7 /* PBXContainerItemProxy */;
		};
/* End PBXTargetDependency section */

/* Begin PBXVariantGroup section */
		E11E17FF2A05670A004DEDC7 /* LaunchScreen.storyboard */ = {
			isa = PBXVariantGroup;
			children = (
				E11E18002A05670A004DEDC7 /* Base */,
			);
			name = LaunchScreen.storyboard;
			sourceTree = "<group>";
		};
/* End PBXVariantGroup section */

/* Begin XCBuildConfiguration section */
		E11E18192A05670B004DEDC7 /* Debug */ = {
			isa = XCBuildConfiguration;
			buildSettings = {
				ALWAYS_SEARCH_USER_PATHS = NO;
				CLANG_ANALYZER_NONNULL = YES;
				CLANG_ANALYZER_NUMBER_OBJECT_CONVERSION = YES_AGGRESSIVE;
				CLANG_CXX_LANGUAGE_STANDARD = "gnu++20";
				CLANG_ENABLE_MODULES = YES;
				CLANG_ENABLE_OBJC_ARC = YES;
				CLANG_ENABLE_OBJC_WEAK = YES;
				CLANG_WARN_BLOCK_CAPTURE_AUTORELEASING = YES;
				CLANG_WARN_BOOL_CONVERSION = YES;
				CLANG_WARN_COMMA = YES;
				CLANG_WARN_CONSTANT_CONVERSION = YES;
				CLANG_WARN_DEPRECATED_OBJC_IMPLEMENTATIONS = YES;
				CLANG_WARN_DIRECT_OBJC_ISA_USAGE = YES_ERROR;
				CLANG_WARN_DOCUMENTATION_COMMENTS = YES;
				CLANG_WARN_EMPTY_BODY = YES;
				CLANG_WARN_ENUM_CONVERSION = YES;
				CLANG_WARN_INFINITE_RECURSION = YES;
				CLANG_WARN_INT_CONVERSION = YES;
				CLANG_WARN_NON_LITERAL_NULL_CONVERSION = YES;
				CLANG_WARN_OBJC_IMPLICIT_RETAIN_SELF = YES;
				CLANG_WARN_OBJC_LITERAL_CONVERSION = YES;
				CLANG_WARN_OBJC_ROOT_CLASS = YES_ERROR;
				CLANG_WARN_QUOTED_INCLUDE_IN_FRAMEWORK_HEADER = YES;
				CLANG_WARN_RANGE_LOOP_ANALYSIS = YES;
				CLANG_WARN_STRICT_PROTOTYPES = YES;
				CLANG_WARN_SUSPICIOUS_MOVE = YES;
				CLANG_WARN_UNGUARDED_AVAILABILITY = YES_AGGRESSIVE;
				CLANG_WARN_UNREACHABLE_CODE = YES;
				CLANG_WARN__DUPLICATE_METHOD_MATCH = YES;
				COPY_PHASE_STRIP = NO;
				DEBUG_INFORMATION_FORMAT = dwarf;
				ENABLE_STRICT_OBJC_MSGSEND = YES;
				ENABLE_TESTABILITY = YES;
				GCC_C_LANGUAGE_STANDARD = gnu11;
				GCC_DYNAMIC_NO_PIC = NO;
				GCC_NO_COMMON_BLOCKS = YES;
				GCC_OPTIMIZATION_LEVEL = 0;
				GCC_PREPROCESSOR_DEFINITIONS = (
					"DEBUG=1",
					"$(inherited)",
				);
				GCC_WARN_64_TO_32_BIT_CONVERSION = YES;
				GCC_WARN_ABOUT_RETURN_TYPE = YES_ERROR;
				GCC_WARN_UNDECLARED_SELECTOR = YES;
				GCC_WARN_UNINITIALIZED_AUTOS = YES_AGGRESSIVE;
				GCC_WARN_UNUSED_FUNCTION = YES;
				GCC_WARN_UNUSED_VARIABLE = YES;
				IPHONEOS_DEPLOYMENT_TARGET = 13.0;
				MTL_ENABLE_DEBUG_INFO = INCLUDE_SOURCE;
				MTL_FAST_MATH = YES;
				ONLY_ACTIVE_ARCH = YES;
				SDKROOT = iphoneos;
				SWIFT_ACTIVE_COMPILATION_CONDITIONS = DEBUG;
				SWIFT_OPTIMIZATION_LEVEL = "-Onone";
			};
			name = Debug;
		};
		E11E181A2A05670B004DEDC7 /* Release */ = {
			isa = XCBuildConfiguration;
			buildSettings = {
				ALWAYS_SEARCH_USER_PATHS = NO;
				CLANG_ANALYZER_NONNULL = YES;
				CLANG_ANALYZER_NUMBER_OBJECT_CONVERSION = YES_AGGRESSIVE;
				CLANG_CXX_LANGUAGE_STANDARD = "gnu++20";
				CLANG_ENABLE_MODULES = YES;
				CLANG_ENABLE_OBJC_ARC = YES;
				CLANG_ENABLE_OBJC_WEAK = YES;
				CLANG_WARN_BLOCK_CAPTURE_AUTORELEASING = YES;
				CLANG_WARN_BOOL_CONVERSION = YES;
				CLANG_WARN_COMMA = YES;
				CLANG_WARN_CONSTANT_CONVERSION = YES;
				CLANG_WARN_DEPRECATED_OBJC_IMPLEMENTATIONS = YES;
				CLANG_WARN_DIRECT_OBJC_ISA_USAGE = YES_ERROR;
				CLANG_WARN_DOCUMENTATION_COMMENTS = YES;
				CLANG_WARN_EMPTY_BODY = YES;
				CLANG_WARN_ENUM_CONVERSION = YES;
				CLANG_WARN_INFINITE_RECURSION = YES;
				CLANG_WARN_INT_CONVERSION = YES;
				CLANG_WARN_NON_LITERAL_NULL_CONVERSION = YES;
				CLANG_WARN_OBJC_IMPLICIT_RETAIN_SELF = YES;
				CLANG_WARN_OBJC_LITERAL_CONVERSION = YES;
				CLANG_WARN_OBJC_ROOT_CLASS = YES_ERROR;
				CLANG_WARN_QUOTED_INCLUDE_IN_FRAMEWORK_HEADER = YES;
				CLANG_WARN_RANGE_LOOP_ANALYSIS = YES;
				CLANG_WARN_STRICT_PROTOTYPES = YES;
				CLANG_WARN_SUSPICIOUS_MOVE = YES;
				CLANG_WARN_UNGUARDED_AVAILABILITY = YES_AGGRESSIVE;
				CLANG_WARN_UNREACHABLE_CODE = YES;
				CLANG_WARN__DUPLICATE_METHOD_MATCH = YES;
				COPY_PHASE_STRIP = NO;
				DEBUG_INFORMATION_FORMAT = "dwarf-with-dsym";
				ENABLE_NS_ASSERTIONS = NO;
				ENABLE_STRICT_OBJC_MSGSEND = YES;
				GCC_C_LANGUAGE_STANDARD = gnu11;
				GCC_NO_COMMON_BLOCKS = YES;
				GCC_WARN_64_TO_32_BIT_CONVERSION = YES;
				GCC_WARN_ABOUT_RETURN_TYPE = YES_ERROR;
				GCC_WARN_UNDECLARED_SELECTOR = YES;
				GCC_WARN_UNINITIALIZED_AUTOS = YES_AGGRESSIVE;
				GCC_WARN_UNUSED_FUNCTION = YES;
				GCC_WARN_UNUSED_VARIABLE = YES;
				IPHONEOS_DEPLOYMENT_TARGET = 13.0;
				MTL_ENABLE_DEBUG_INFO = NO;
				MTL_FAST_MATH = YES;
				SDKROOT = iphoneos;
				SWIFT_COMPILATION_MODE = wholemodule;
				SWIFT_OPTIMIZATION_LEVEL = "-O";
				VALIDATE_PRODUCT = YES;
			};
			name = Release;
		};
		E11E181C2A05670B004DEDC7 /* Debug */ = {
			isa = XCBuildConfiguration;
			buildSettings = {
				ASSETCATALOG_COMPILER_APPICON_NAME = AppIcon;
				ASSETCATALOG_COMPILER_GLOBAL_ACCENT_COLOR_NAME = AccentColor;
				CODE_SIGN_STYLE = Automatic;
				CURRENT_PROJECT_VERSION = 1;
				DEVELOPMENT_TEAM = Q3UF58D23J;
				GENERATE_INFOPLIST_FILE = YES;
				INFOPLIST_FILE = MovieDB/Info.plist;
				INFOPLIST_KEY_CFBundleDisplayName = "Movie DB";
				INFOPLIST_KEY_LSApplicationCategoryType = "public.app-category.entertainment";
				INFOPLIST_KEY_UIApplicationSupportsIndirectInputEvents = YES;
				INFOPLIST_KEY_UILaunchStoryboardName = LaunchScreen;
				INFOPLIST_KEY_UISupportedInterfaceOrientations = UIInterfaceOrientationPortrait;
				INFOPLIST_KEY_UISupportedInterfaceOrientations_iPad = "UIInterfaceOrientationLandscapeLeft UIInterfaceOrientationLandscapeRight UIInterfaceOrientationPortrait UIInterfaceOrientationPortraitUpsideDown";
				INFOPLIST_KEY_UIUserInterfaceStyle = Light;
				IPHONEOS_DEPLOYMENT_TARGET = 13.0;
				LD_RUNPATH_SEARCH_PATHS = (
					"$(inherited)",
					"@executable_path/Frameworks",
				);
				MARKETING_VERSION = 1.0;
				PRODUCT_BUNDLE_IDENTIFIER = com.yxgg.MovieDB;
				PRODUCT_NAME = "$(TARGET_NAME)";
				SUPPORTED_PLATFORMS = "iphoneos iphonesimulator";
				SUPPORTS_MACCATALYST = NO;
				SUPPORTS_MAC_DESIGNED_FOR_IPHONE_IPAD = YES;
				SWIFT_EMIT_LOC_STRINGS = YES;
				SWIFT_VERSION = 5.0;
				TARGETED_DEVICE_FAMILY = 1;
			};
			name = Debug;
		};
		E11E181D2A05670B004DEDC7 /* Release */ = {
			isa = XCBuildConfiguration;
			buildSettings = {
				ASSETCATALOG_COMPILER_APPICON_NAME = AppIcon;
				ASSETCATALOG_COMPILER_GLOBAL_ACCENT_COLOR_NAME = AccentColor;
				CODE_SIGN_STYLE = Automatic;
				CURRENT_PROJECT_VERSION = 1;
				DEVELOPMENT_TEAM = Q3UF58D23J;
				GENERATE_INFOPLIST_FILE = YES;
				INFOPLIST_FILE = MovieDB/Info.plist;
				INFOPLIST_KEY_CFBundleDisplayName = "Movie DB";
				INFOPLIST_KEY_LSApplicationCategoryType = "public.app-category.entertainment";
				INFOPLIST_KEY_UIApplicationSupportsIndirectInputEvents = YES;
				INFOPLIST_KEY_UILaunchStoryboardName = LaunchScreen;
				INFOPLIST_KEY_UISupportedInterfaceOrientations = UIInterfaceOrientationPortrait;
				INFOPLIST_KEY_UISupportedInterfaceOrientations_iPad = "UIInterfaceOrientationLandscapeLeft UIInterfaceOrientationLandscapeRight UIInterfaceOrientationPortrait UIInterfaceOrientationPortraitUpsideDown";
				INFOPLIST_KEY_UIUserInterfaceStyle = Light;
				IPHONEOS_DEPLOYMENT_TARGET = 13.0;
				LD_RUNPATH_SEARCH_PATHS = (
					"$(inherited)",
					"@executable_path/Frameworks",
				);
				MARKETING_VERSION = 1.0;
				PRODUCT_BUNDLE_IDENTIFIER = com.yxgg.MovieDB;
				PRODUCT_NAME = "$(TARGET_NAME)";
				SUPPORTED_PLATFORMS = "iphoneos iphonesimulator";
				SUPPORTS_MACCATALYST = NO;
				SUPPORTS_MAC_DESIGNED_FOR_IPHONE_IPAD = YES;
				SWIFT_EMIT_LOC_STRINGS = YES;
				SWIFT_VERSION = 5.0;
				TARGETED_DEVICE_FAMILY = 1;
			};
			name = Release;
		};
		E11E181F2A05670B004DEDC7 /* Debug */ = {
			isa = XCBuildConfiguration;
			buildSettings = {
				ALWAYS_EMBED_SWIFT_STANDARD_LIBRARIES = YES;
				BUNDLE_LOADER = "$(TEST_HOST)";
				CODE_SIGN_STYLE = Automatic;
				CURRENT_PROJECT_VERSION = 1;
				DEVELOPMENT_TEAM = Q3UF58D23J;
				GENERATE_INFOPLIST_FILE = YES;
				IPHONEOS_DEPLOYMENT_TARGET = 16.2;
				MARKETING_VERSION = 1.0;
				PRODUCT_BUNDLE_IDENTIFIER = com.yxgg.MovieDBTests;
				PRODUCT_NAME = "$(TARGET_NAME)";
				SWIFT_EMIT_LOC_STRINGS = NO;
				SWIFT_VERSION = 5.0;
				TARGETED_DEVICE_FAMILY = "1,2";
				TEST_HOST = "$(BUILT_PRODUCTS_DIR)/MovieDB.app/$(BUNDLE_EXECUTABLE_FOLDER_PATH)/MovieDB";
			};
			name = Debug;
		};
		E11E18202A05670B004DEDC7 /* Release */ = {
			isa = XCBuildConfiguration;
			buildSettings = {
				ALWAYS_EMBED_SWIFT_STANDARD_LIBRARIES = YES;
				BUNDLE_LOADER = "$(TEST_HOST)";
				CODE_SIGN_STYLE = Automatic;
				CURRENT_PROJECT_VERSION = 1;
				DEVELOPMENT_TEAM = Q3UF58D23J;
				GENERATE_INFOPLIST_FILE = YES;
				IPHONEOS_DEPLOYMENT_TARGET = 16.2;
				MARKETING_VERSION = 1.0;
				PRODUCT_BUNDLE_IDENTIFIER = com.yxgg.MovieDBTests;
				PRODUCT_NAME = "$(TARGET_NAME)";
				SWIFT_EMIT_LOC_STRINGS = NO;
				SWIFT_VERSION = 5.0;
				TARGETED_DEVICE_FAMILY = "1,2";
				TEST_HOST = "$(BUILT_PRODUCTS_DIR)/MovieDB.app/$(BUNDLE_EXECUTABLE_FOLDER_PATH)/MovieDB";
			};
			name = Release;
		};
		E11E18222A05670B004DEDC7 /* Debug */ = {
			isa = XCBuildConfiguration;
			buildSettings = {
				ALWAYS_EMBED_SWIFT_STANDARD_LIBRARIES = YES;
				CODE_SIGN_STYLE = Automatic;
				CURRENT_PROJECT_VERSION = 1;
				DEVELOPMENT_TEAM = Q3UF58D23J;
				GENERATE_INFOPLIST_FILE = YES;
				MARKETING_VERSION = 1.0;
				PRODUCT_BUNDLE_IDENTIFIER = com.yxgg.MovieDBUITests;
				PRODUCT_NAME = "$(TARGET_NAME)";
				SWIFT_EMIT_LOC_STRINGS = NO;
				SWIFT_VERSION = 5.0;
				TARGETED_DEVICE_FAMILY = "1,2";
				TEST_TARGET_NAME = MovieDB;
			};
			name = Debug;
		};
		E11E18232A05670B004DEDC7 /* Release */ = {
			isa = XCBuildConfiguration;
			buildSettings = {
				ALWAYS_EMBED_SWIFT_STANDARD_LIBRARIES = YES;
				CODE_SIGN_STYLE = Automatic;
				CURRENT_PROJECT_VERSION = 1;
				DEVELOPMENT_TEAM = Q3UF58D23J;
				GENERATE_INFOPLIST_FILE = YES;
				MARKETING_VERSION = 1.0;
				PRODUCT_BUNDLE_IDENTIFIER = com.yxgg.MovieDBUITests;
				PRODUCT_NAME = "$(TARGET_NAME)";
				SWIFT_EMIT_LOC_STRINGS = NO;
				SWIFT_VERSION = 5.0;
				TARGETED_DEVICE_FAMILY = "1,2";
				TEST_TARGET_NAME = MovieDB;
			};
			name = Release;
		};
/* End XCBuildConfiguration section */

/* Begin XCConfigurationList section */
		E11E17E92A056705004DEDC7 /* Build configuration list for PBXProject "MovieDB" */ = {
			isa = XCConfigurationList;
			buildConfigurations = (
				E11E18192A05670B004DEDC7 /* Debug */,
				E11E181A2A05670B004DEDC7 /* Release */,
			);
			defaultConfigurationIsVisible = 0;
			defaultConfigurationName = Release;
		};
		E11E181B2A05670B004DEDC7 /* Build configuration list for PBXNativeTarget "MovieDB" */ = {
			isa = XCConfigurationList;
			buildConfigurations = (
				E11E181C2A05670B004DEDC7 /* Debug */,
				E11E181D2A05670B004DEDC7 /* Release */,
			);
			defaultConfigurationIsVisible = 0;
			defaultConfigurationName = Release;
		};
		E11E181E2A05670B004DEDC7 /* Build configuration list for PBXNativeTarget "MovieDBTests" */ = {
			isa = XCConfigurationList;
			buildConfigurations = (
				E11E181F2A05670B004DEDC7 /* Debug */,
				E11E18202A05670B004DEDC7 /* Release */,
			);
			defaultConfigurationIsVisible = 0;
			defaultConfigurationName = Release;
		};
		E11E18212A05670B004DEDC7 /* Build configuration list for PBXNativeTarget "MovieDBUITests" */ = {
			isa = XCConfigurationList;
			buildConfigurations = (
				E11E18222A05670B004DEDC7 /* Debug */,
				E11E18232A05670B004DEDC7 /* Release */,
			);
			defaultConfigurationIsVisible = 0;
			defaultConfigurationName = Release;
		};
/* End XCConfigurationList section */

/* Begin XCRemoteSwiftPackageReference section */
		E117C7922A065AF500B9EA69 /* XCRemoteSwiftPackageReference "Alamofire" */ = {
			isa = XCRemoteSwiftPackageReference;
			repositoryURL = "https://github.com/Alamofire/Alamofire";
			requirement = {
				kind = upToNextMajorVersion;
				minimumVersion = 5.0.0;
			};
		};
		E117C7952A065B0D00B9EA69 /* XCRemoteSwiftPackageReference "Kingfisher" */ = {
			isa = XCRemoteSwiftPackageReference;
			repositoryURL = "https://github.com/onevcat/Kingfisher";
			requirement = {
				kind = upToNextMajorVersion;
				minimumVersion = 7.0.0;
			};
		};
		E117C7982A065B4900B9EA69 /* XCRemoteSwiftPackageReference "netfox" */ = {
			isa = XCRemoteSwiftPackageReference;
			repositoryURL = "https://github.com/kasketis/netfox";
			requirement = {
				kind = upToNextMajorVersion;
				minimumVersion = 1.0.0;
			};
		};
		E117C79B2A065B7000B9EA69 /* XCRemoteSwiftPackageReference "RxSwift" */ = {
			isa = XCRemoteSwiftPackageReference;
			repositoryURL = "https://github.com/ReactiveX/RxSwift";
			requirement = {
				kind = upToNextMajorVersion;
				minimumVersion = 6.0.0;
			};
		};
/* End XCRemoteSwiftPackageReference section */

/* Begin XCSwiftPackageProductDependency section */
		E117C7932A065AF500B9EA69 /* Alamofire */ = {
			isa = XCSwiftPackageProductDependency;
			package = E117C7922A065AF500B9EA69 /* XCRemoteSwiftPackageReference "Alamofire" */;
			productName = Alamofire;
		};
		E117C7962A065B0D00B9EA69 /* Kingfisher */ = {
			isa = XCSwiftPackageProductDependency;
			package = E117C7952A065B0D00B9EA69 /* XCRemoteSwiftPackageReference "Kingfisher" */;
			productName = Kingfisher;
		};
		E117C7992A065B4900B9EA69 /* netfox */ = {
			isa = XCSwiftPackageProductDependency;
			package = E117C7982A065B4900B9EA69 /* XCRemoteSwiftPackageReference "netfox" */;
			productName = netfox;
		};
		E117C79C2A065B7000B9EA69 /* RxCocoa */ = {
			isa = XCSwiftPackageProductDependency;
			package = E117C79B2A065B7000B9EA69 /* XCRemoteSwiftPackageReference "RxSwift" */;
			productName = RxCocoa;
		};
		E117C79E2A065B7000B9EA69 /* RxSwift */ = {
			isa = XCSwiftPackageProductDependency;
			package = E117C79B2A065B7000B9EA69 /* XCRemoteSwiftPackageReference "RxSwift" */;
			productName = RxSwift;
		};
/* End XCSwiftPackageProductDependency section */

/* Begin XCVersionGroup section */
		E11E17FA2A056705004DEDC7 /* MovieDB.xcdatamodeld */ = {
			isa = XCVersionGroup;
			children = (
				E11E17FB2A056705004DEDC7 /* MovieDB.xcdatamodel */,
			);
			currentVersion = E11E17FB2A056705004DEDC7 /* MovieDB.xcdatamodel */;
			path = MovieDB.xcdatamodeld;
			sourceTree = "<group>";
			versionGroupType = wrapper.xcdatamodel;
		};
/* End XCVersionGroup section */
	};
	rootObject = E11E17E62A056705004DEDC7 /* Project object */;
}
